
Microsoft Visual Studio Solution File, Format Version 12.00
# Visual Studio Version 16
VisualStudioVersion = 16.0.31410.357
MinimumVisualStudioVersion = 10.0.40219.1
Project("{8BC9CEB8-8B4A-11D0-8D11-00A0C91BC942}") = "Mod_14-8-2", "Mod_14-8-2\Mod_14-8-2.vcxproj", "{61F3D222-7E51-46E0-ACBD-219259D69308}"
EndProject
Global
	GlobalSection(SolutionConfigurationPlatforms) = preSolution
		Debug|x64 = Debug|x64
		Debug|x86 = Debug|x86
		Release|x64 = Release|x64
		Release|x86 = Release|x86
	EndGlobalSection
	GlobalSection(ProjectConfigurationPlatforms) = postSolution
		{61F3D222-7E51-46E0-ACBD-219259D69308}.Debug|x64.ActiveCfg = Debug|x64
		{61F3D222-7E51-46E0-ACBD-219259D69308}.Debug|x64.Build.0 = Debug|x64
		{61F3D222-7E51-46E0-ACBD-219259D69308}.Debug|x86.ActiveCfg = Debug|Win32
		{61F3D222-7E51-46E0-ACBD-219259D69308}.Debug|x86.Build.0 = Debug|Win32
		{61F3D222-7E51-46E0-ACBD-219259D69308}.Release|x64.ActiveCfg = Release|x64
		{61F3D222-7E51-46E0-ACBD-219259D69308}.Release|x64.Build.0 = Release|x64
		{61F3D222-7E51-46E0-ACBD-219259D69308}.Release|x86.ActiveCfg = Release|Win32
		{61F3D222-7E51-46E0-ACBD-219259D69308}.Release|x86.Build.0 = Release|Win32
	EndGlobalSection
	GlobalSection(SolutionProperties) = preSolution
		HideSolutionNode = FALSE
	EndGlobalSection
	GlobalSection(ExtensibilityGlobals) = postSolution
		SolutionGuid = {A43CC568-2AC3-4BB8-AE63-CFF5D78B49C8}
	EndGlobalSection
EndGlobal
